// !$*UTF8*$!
{
	archiveVersion = 1;
	classes = {
	};
	objectVersion = 46;
	objects = {

/* Begin PBXBuildFile section */
		7ADD11221F3C3C1B0042BF79 /* AppDelegate.swift in Sources */ = {isa = PBXBuildFile; fileRef = 7ADD11211F3C3C1B0042BF79 /* AppDelegate.swift */; };
		7ADD11241F3C3C1B0042BF79 /* ViewController.swift in Sources */ = {isa = PBXBuildFile; fileRef = 7ADD11231F3C3C1B0042BF79 /* ViewController.swift */; };
		7ADD11271F3C3C1B0042BF79 /* Main.storyboard in Resources */ = {isa = PBXBuildFile; fileRef = 7ADD11251F3C3C1B0042BF79 /* Main.storyboard */; };
		7ADD11291F3C3C1B0042BF79 /* Assets.xcassets in Resources */ = {isa = PBXBuildFile; fileRef = 7ADD11281F3C3C1B0042BF79 /* Assets.xcassets */; };
		7ADD112C1F3C3C1B0042BF79 /* LaunchScreen.storyboard in Resources */ = {isa = PBXBuildFile; fileRef = 7ADD112A1F3C3C1B0042BF79 /* LaunchScreen.storyboard */; };
		7ADD11371F3C3C1B0042BF79 /* FrameworkTestTests.swift in Sources */ = {isa = PBXBuildFile; fileRef = 7ADD11361F3C3C1B0042BF79 /* FrameworkTestTests.swift */; };
		7ADD11421F3C3C1B0042BF79 /* FrameworkTestUITests.swift in Sources */ = {isa = PBXBuildFile; fileRef = 7ADD11411F3C3C1B0042BF79 /* FrameworkTestUITests.swift */; };
		8AD12B679A7B845A8016768C /* Pods_FrameworkTest.framework in Frameworks */ = {isa = PBXBuildFile; fileRef = 050344E30B22DE10BAF86773 /* Pods_FrameworkTest.framework */; };
		C8CCA125CBDE7A6C72FEDDB6 /* Pods_FrameworkTestUITests.framework in Frameworks */ = {isa = PBXBuildFile; fileRef = FF11871A7C0706E02343490D /* Pods_FrameworkTestUITests.framework */; };
		DB143311B5364D9E6992D76C /* Pods_FrameworkTestTests.framework in Frameworks */ = {isa = PBXBuildFile; fileRef = 2FF7300F9F250DE513912A9C /* Pods_FrameworkTestTests.framework */; };
/* End PBXBuildFile section */

/* Begin PBXContainerItemProxy section */
		7ADD11331F3C3C1B0042BF79 /* PBXContainerItemProxy */ = {
			isa = PBXContainerItemProxy;
			containerPortal = 7ADD11161F3C3C1B0042BF79 /* Project object */;
			proxyType = 1;
			remoteGlobalIDString = 7ADD111D1F3C3C1B0042BF79;
			remoteInfo = FrameworkTest;
		};
		7ADD113E1F3C3C1B0042BF79 /* PBXContainerItemProxy */ = {
			isa = PBXContainerItemProxy;
			containerPortal = 7ADD11161F3C3C1B0042BF79 /* Project object */;
			proxyType = 1;
			remoteGlobalIDString = 7ADD111D1F3C3C1B0042BF79;
			remoteInfo = FrameworkTest;
		};
/* End PBXContainerItemProxy section */

/* Begin PBXFileReference section */
		050344E30B22DE10BAF86773 /* Pods_FrameworkTest.framework */ = {isa = PBXFileReference; explicitFileType = wrapper.framework; includeInIndex = 0; path = Pods_FrameworkTest.framework; sourceTree = BUILT_PRODUCTS_DIR; };
		12E614312E117A0D438658CC /* Pods-FrameworkTestTests.debug.xcconfig */ = {isa = PBXFileReference; includeInIndex = 1; lastKnownFileType = text.xcconfig; name = "Pods-FrameworkTestTests.debug.xcconfig"; path = "Pods/Target Support Files/Pods-FrameworkTestTests/Pods-FrameworkTestTests.debug.xcconfig"; sourceTree = "<group>"; };
		2C254BD5FCEA16F80FAF0DDF /* Pods-FrameworkTest.debug.xcconfig */ = {isa = PBXFileReference; includeInIndex = 1; lastKnownFileType = text.xcconfig; name = "Pods-FrameworkTest.debug.xcconfig"; path = "Pods/Target Support Files/Pods-FrameworkTest/Pods-FrameworkTest.debug.xcconfig"; sourceTree = "<group>"; };
		2FF7300F9F250DE513912A9C /* Pods_FrameworkTestTests.framework */ = {isa = PBXFileReference; explicitFileType = wrapper.framework; includeInIndex = 0; path = Pods_FrameworkTestTests.framework; sourceTree = BUILT_PRODUCTS_DIR; };
		4EBAA007A99643AD5C21C139 /* Pods-FrameworkTestUITests.release.xcconfig */ = {isa = PBXFileReference; includeInIndex = 1; lastKnownFileType = text.xcconfig; name = "Pods-FrameworkTestUITests.release.xcconfig"; path = "Pods/Target Support Files/Pods-FrameworkTestUITests/Pods-FrameworkTestUITests.release.xcconfig"; sourceTree = "<group>"; };
		7ADD111E1F3C3C1B0042BF79 /* FrameworkTest.app */ = {isa = PBXFileReference; explicitFileType = wrapper.application; includeInIndex = 0; path = FrameworkTest.app; sourceTree = BUILT_PRODUCTS_DIR; };
		7ADD11211F3C3C1B0042BF79 /* AppDelegate.swift */ = {isa = PBXFileReference; lastKnownFileType = sourcecode.swift; path = AppDelegate.swift; sourceTree = "<group>"; };
		7ADD11231F3C3C1B0042BF79 /* ViewController.swift */ = {isa = PBXFileReference; lastKnownFileType = sourcecode.swift; path = ViewController.swift; sourceTree = "<group>"; };
		7ADD11261F3C3C1B0042BF79 /* Base */ = {isa = PBXFileReference; lastKnownFileType = file.storyboard; name = Base; path = Base.lproj/Main.storyboard; sourceTree = "<group>"; };
		7ADD11281F3C3C1B0042BF79 /* Assets.xcassets */ = {isa = PBXFileReference; lastKnownFileType = folder.assetcatalog; path = Assets.xcassets; sourceTree = "<group>"; };
		7ADD112B1F3C3C1B0042BF79 /* Base */ = {isa = PBXFileReference; lastKnownFileType = file.storyboard; name = Base; path = Base.lproj/LaunchScreen.storyboard; sourceTree = "<group>"; };
		7ADD112D1F3C3C1B0042BF79 /* Info.plist */ = {isa = PBXFileReference; lastKnownFileType = text.plist.xml; path = Info.plist; sourceTree = "<group>"; };
		7ADD11321F3C3C1B0042BF79 /* FrameworkTestTests.xctest */ = {isa = PBXFileReference; explicitFileType = wrapper.cfbundle; includeInIndex = 0; path = FrameworkTestTests.xctest; sourceTree = BUILT_PRODUCTS_DIR; };
		7ADD11361F3C3C1B0042BF79 /* FrameworkTestTests.swift */ = {isa = PBXFileReference; lastKnownFileType = sourcecode.swift; path = FrameworkTestTests.swift; sourceTree = "<group>"; };
		7ADD11381F3C3C1B0042BF79 /* Info.plist */ = {isa = PBXFileReference; lastKnownFileType = text.plist.xml; path = Info.plist; sourceTree = "<group>"; };
		7ADD113D1F3C3C1B0042BF79 /* FrameworkTestUITests.xctest */ = {isa = PBXFileReference; explicitFileType = wrapper.cfbundle; includeInIndex = 0; path = FrameworkTestUITests.xctest; sourceTree = BUILT_PRODUCTS_DIR; };
		7ADD11411F3C3C1B0042BF79 /* FrameworkTestUITests.swift */ = {isa = PBXFileReference; lastKnownFileType = sourcecode.swift; path = FrameworkTestUITests.swift; sourceTree = "<group>"; };
		7ADD11431F3C3C1B0042BF79 /* Info.plist */ = {isa = PBXFileReference; lastKnownFileType = text.plist.xml; path = Info.plist; sourceTree = "<group>"; };
		7ADD11531F3C43C90042BF79 /* Alamofire.framework */ = {isa = PBXFileReference; lastKnownFileType = wrapper.framework; name = Alamofire.framework; path = "../../../Library/Developer/Xcode/DerivedData/FrameworkTest-ekkssygoirsvtlarkkflmlzvuwzv/Build/Products/Debug-iphonesimulator/Alamofire/Alamofire.framework"; sourceTree = "<group>"; };
		818EDDB64AAB8166D7496403 /* Pods-FrameworkTestTests.release.xcconfig */ = {isa = PBXFileReference; includeInIndex = 1; lastKnownFileType = text.xcconfig; name = "Pods-FrameworkTestTests.release.xcconfig"; path = "Pods/Target Support Files/Pods-FrameworkTestTests/Pods-FrameworkTestTests.release.xcconfig"; sourceTree = "<group>"; };
		D6210EEE01050B68CCB39293 /* Pods-FrameworkTest.release.xcconfig */ = {isa = PBXFileReference; includeInIndex = 1; lastKnownFileType = text.xcconfig; name = "Pods-FrameworkTest.release.xcconfig"; path = "Pods/Target Support Files/Pods-FrameworkTest/Pods-FrameworkTest.release.xcconfig"; sourceTree = "<group>"; };
		FDDCF3A4606433FBBFFCA8F5 /* Pods-FrameworkTestUITests.debug.xcconfig */ = {isa = PBXFileReference; includeInIndex = 1; lastKnownFileType = text.xcconfig; name = "Pods-FrameworkTestUITests.debug.xcconfig"; path = "Pods/Target Support Files/Pods-FrameworkTestUITests/Pods-FrameworkTestUITests.debug.xcconfig"; sourceTree = "<group>"; };
		FF11871A7C0706E02343490D /* Pods_FrameworkTestUITests.framework */ = {isa = PBXFileReference; explicitFileType = wrapper.framework; includeInIndex = 0; path = Pods_FrameworkTestUITests.framework; sourceTree = BUILT_PRODUCTS_DIR; };
/* End PBXFileReference section */

/* Begin PBXFrameworksBuildPhase section */
		7ADD111B1F3C3C1B0042BF79 /* Frameworks */ = {
			isa = PBXFrameworksBuildPhase;
			buildActionMask = 2147483647;
			files = (
				8AD12B679A7B845A8016768C /* Pods_FrameworkTest.framework in Frameworks */,
			);
			runOnlyForDeploymentPostprocessing = 0;
		};
		7ADD112F1F3C3C1B0042BF79 /* Frameworks */ = {
			isa = PBXFrameworksBuildPhase;
			buildActionMask = 2147483647;
			files = (
				DB143311B5364D9E6992D76C /* Pods_FrameworkTestTests.framework in Frameworks */,
			);
			runOnlyForDeploymentPostprocessing = 0;
		};
		7ADD113A1F3C3C1B0042BF79 /* Frameworks */ = {
			isa = PBXFrameworksBuildPhase;
			buildActionMask = 2147483647;
			files = (
				C8CCA125CBDE7A6C72FEDDB6 /* Pods_FrameworkTestUITests.framework in Frameworks */,
			);
			runOnlyForDeploymentPostprocessing = 0;
		};
/* End PBXFrameworksBuildPhase section */

/* Begin PBXGroup section */
		0A0F77BB519B655CD7C5A834 /* Frameworks */ = {
			isa = PBXGroup;
			children = (
				7ADD11531F3C43C90042BF79 /* Alamofire.framework */,
				050344E30B22DE10BAF86773 /* Pods_FrameworkTest.framework */,
				2FF7300F9F250DE513912A9C /* Pods_FrameworkTestTests.framework */,
				FF11871A7C0706E02343490D /* Pods_FrameworkTestUITests.framework */,
			);
			name = Frameworks;
			sourceTree = "<group>";
		};
		19CC48A7059DCD99986935F1 /* Pods */ = {
			isa = PBXGroup;
			children = (
				2C254BD5FCEA16F80FAF0DDF /* Pods-FrameworkTest.debug.xcconfig */,
				D6210EEE01050B68CCB39293 /* Pods-FrameworkTest.release.xcconfig */,
				12E614312E117A0D438658CC /* Pods-FrameworkTestTests.debug.xcconfig */,
				818EDDB64AAB8166D7496403 /* Pods-FrameworkTestTests.release.xcconfig */,
				FDDCF3A4606433FBBFFCA8F5 /* Pods-FrameworkTestUITests.debug.xcconfig */,
				4EBAA007A99643AD5C21C139 /* Pods-FrameworkTestUITests.release.xcconfig */,
			);
			name = Pods;
			sourceTree = "<group>";
		};
		7ADD11151F3C3C1B0042BF79 = {
			isa = PBXGroup;
			children = (
				7ADD11201F3C3C1B0042BF79 /* FrameworkTest */,
				7ADD11351F3C3C1B0042BF79 /* FrameworkTestTests */,
				7ADD11401F3C3C1B0042BF79 /* FrameworkTestUITests */,
				7ADD111F1F3C3C1B0042BF79 /* Products */,
				19CC48A7059DCD99986935F1 /* Pods */,
				0A0F77BB519B655CD7C5A834 /* Frameworks */,
			);
			sourceTree = "<group>";
		};
		7ADD111F1F3C3C1B0042BF79 /* Products */ = {
			isa = PBXGroup;
			children = (
				7ADD111E1F3C3C1B0042BF79 /* FrameworkTest.app */,
				7ADD11321F3C3C1B0042BF79 /* FrameworkTestTests.xctest */,
				7ADD113D1F3C3C1B0042BF79 /* FrameworkTestUITests.xctest */,
			);
			name = Products;
			sourceTree = "<group>";
		};
		7ADD11201F3C3C1B0042BF79 /* FrameworkTest */ = {
			isa = PBXGroup;
			children = (
				7ADD11211F3C3C1B0042BF79 /* AppDelegate.swift */,
				7ADD11231F3C3C1B0042BF79 /* ViewController.swift */,
				7ADD11251F3C3C1B0042BF79 /* Main.storyboard */,
				7ADD11281F3C3C1B0042BF79 /* Assets.xcassets */,
				7ADD112A1F3C3C1B0042BF79 /* LaunchScreen.storyboard */,
				7ADD112D1F3C3C1B0042BF79 /* Info.plist */,
			);
			path = FrameworkTest;
			sourceTree = "<group>";
		};
		7ADD11351F3C3C1B0042BF79 /* FrameworkTestTests */ = {
			isa = PBXGroup;
			children = (
				7ADD11361F3C3C1B0042BF79 /* FrameworkTestTests.swift */,
				7ADD11381F3C3C1B0042BF79 /* Info.plist */,
			);
			path = FrameworkTestTests;
			sourceTree = "<group>";
		};
		7ADD11401F3C3C1B0042BF79 /* FrameworkTestUITests */ = {
			isa = PBXGroup;
			children = (
				7ADD11411F3C3C1B0042BF79 /* FrameworkTestUITests.swift */,
				7ADD11431F3C3C1B0042BF79 /* Info.plist */,
			);
			path = FrameworkTestUITests;
			sourceTree = "<group>";
		};
/* End PBXGroup section */

/* Begin PBXNativeTarget section */
		7ADD111D1F3C3C1B0042BF79 /* FrameworkTest */ = {
			isa = PBXNativeTarget;
			buildConfigurationList = 7ADD11461F3C3C1B0042BF79 /* Build configuration list for PBXNativeTarget "FrameworkTest" */;
			buildPhases = (
				F47C2BC71DDDE2EB64B170CD /* [CP] Check Pods Manifest.lock */,
				7ADD111A1F3C3C1B0042BF79 /* Sources */,
				7ADD111B1F3C3C1B0042BF79 /* Frameworks */,
				7ADD111C1F3C3C1B0042BF79 /* Resources */,
				104860365E7100685E54DEC4 /* [CP] Embed Pods Frameworks */,
				94D96CDBD54BE28A826B08BB /* [CP] Copy Pods Resources */,
			);
			buildRules = (
			);
			dependencies = (
			);
			name = FrameworkTest;
			productName = FrameworkTest;
			productReference = 7ADD111E1F3C3C1B0042BF79 /* FrameworkTest.app */;
			productType = "com.apple.product-type.application";
		};
		7ADD11311F3C3C1B0042BF79 /* FrameworkTestTests */ = {
			isa = PBXNativeTarget;
			buildConfigurationList = 7ADD11491F3C3C1B0042BF79 /* Build configuration list for PBXNativeTarget "FrameworkTestTests" */;
			buildPhases = (
				F2AF67DEC36A2E8738390E4C /* [CP] Check Pods Manifest.lock */,
				7ADD112E1F3C3C1B0042BF79 /* Sources */,
				7ADD112F1F3C3C1B0042BF79 /* Frameworks */,
				7ADD11301F3C3C1B0042BF79 /* Resources */,
				C2001A136C6A6FA4D23C8DE6 /* [CP] Embed Pods Frameworks */,
				94613AD791AFBBB5EDACAE66 /* [CP] Copy Pods Resources */,
			);
			buildRules = (
			);
			dependencies = (
				7ADD11341F3C3C1B0042BF79 /* PBXTargetDependency */,
			);
			name = FrameworkTestTests;
			productName = FrameworkTestTests;
			productReference = 7ADD11321F3C3C1B0042BF79 /* FrameworkTestTests.xctest */;
			productType = "com.apple.product-type.bundle.unit-test";
		};
		7ADD113C1F3C3C1B0042BF79 /* FrameworkTestUITests */ = {
			isa = PBXNativeTarget;
			buildConfigurationList = 7ADD114C1F3C3C1B0042BF79 /* Build configuration list for PBXNativeTarget "FrameworkTestUITests" */;
			buildPhases = (
				7895FD7BD78EBFA85B7BD4B5 /* [CP] Check Pods Manifest.lock */,
				7ADD11391F3C3C1B0042BF79 /* Sources */,
				7ADD113A1F3C3C1B0042BF79 /* Frameworks */,
				7ADD113B1F3C3C1B0042BF79 /* Resources */,
				C785D98CC87A5157A8D571B8 /* [CP] Embed Pods Frameworks */,
				9F98FE56479189226DE861E2 /* [CP] Copy Pods Resources */,
			);
			buildRules = (
			);
			dependencies = (
				7ADD113F1F3C3C1B0042BF79 /* PBXTargetDependency */,
			);
			name = FrameworkTestUITests;
			productName = FrameworkTestUITests;
			productReference = 7ADD113D1F3C3C1B0042BF79 /* FrameworkTestUITests.xctest */;
			productType = "com.apple.product-type.bundle.ui-testing";
		};
/* End PBXNativeTarget section */

/* Begin PBXProject section */
		7ADD11161F3C3C1B0042BF79 /* Project object */ = {
			isa = PBXProject;
			attributes = {
				LastSwiftUpdateCheck = 0830;
				LastUpgradeCheck = 0830;
				ORGANIZATIONNAME = yuanjilee;
				TargetAttributes = {
					7ADD111D1F3C3C1B0042BF79 = {
						CreatedOnToolsVersion = 8.3.2;
						DevelopmentTeam = 5NKJT58L7D;
						ProvisioningStyle = Automatic;
					};
					7ADD11311F3C3C1B0042BF79 = {
						CreatedOnToolsVersion = 8.3.2;
						DevelopmentTeam = 5NKJT58L7D;
						ProvisioningStyle = Automatic;
						TestTargetID = 7ADD111D1F3C3C1B0042BF79;
					};
					7ADD113C1F3C3C1B0042BF79 = {
						CreatedOnToolsVersion = 8.3.2;
						DevelopmentTeam = 5NKJT58L7D;
						ProvisioningStyle = Automatic;
						TestTargetID = 7ADD111D1F3C3C1B0042BF79;
					};
				};
			};
			buildConfigurationList = 7ADD11191F3C3C1B0042BF79 /* Build configuration list for PBXProject "FrameworkTest" */;
			compatibilityVersion = "Xcode 3.2";
			developmentRegion = English;
			hasScannedForEncodings = 0;
			knownRegions = (
				en,
				Base,
			);
			mainGroup = 7ADD11151F3C3C1B0042BF79;
			productRefGroup = 7ADD111F1F3C3C1B0042BF79 /* Products */;
			projectDirPath = "";
			projectRoot = "";
			targets = (
				7ADD111D1F3C3C1B0042BF79 /* FrameworkTest */,
				7ADD11311F3C3C1B0042BF79 /* FrameworkTestTests */,
				7ADD113C1F3C3C1B0042BF79 /* FrameworkTestUITests */,
			);
		};
/* End PBXProject section */

/* Begin PBXResourcesBuildPhase section */
		7ADD111C1F3C3C1B0042BF79 /* Resources */ = {
			isa = PBXResourcesBuildPhase;
			buildActionMask = 2147483647;
			files = (
				7ADD112C1F3C3C1B0042BF79 /* LaunchScreen.storyboard in Resources */,
				7ADD11291F3C3C1B0042BF79 /* Assets.xcassets in Resources */,
				7ADD11271F3C3C1B0042BF79 /* Main.storyboard in Resources */,
			);
			runOnlyForDeploymentPostprocessing = 0;
		};
		7ADD11301F3C3C1B0042BF79 /* Resources */ = {
			isa = PBXResourcesBuildPhase;
			buildActionMask = 2147483647;
			files = (
			);
			runOnlyForDeploymentPostprocessing = 0;
		};
		7ADD113B1F3C3C1B0042BF79 /* Resources */ = {
			isa = PBXResourcesBuildPhase;
			buildActionMask = 2147483647;
			files = (
			);
			runOnlyForDeploymentPostprocessing = 0;
		};
/* End PBXResourcesBuildPhase section */

/* Begin PBXShellScriptBuildPhase section */
		104860365E7100685E54DEC4 /* [CP] Embed Pods Frameworks */ = {
			isa = PBXShellScriptBuildPhase;
			buildActionMask = 2147483647;
			files = (
			);
			inputPaths = (
				"${SRCROOT}/Pods/Target Support Files/Pods-FrameworkTest/Pods-FrameworkTest-frameworks.sh",
				"${BUILT_PRODUCTS_DIR}/Alamofire/Alamofire.framework",
			);
			name = "[CP] Embed Pods Frameworks";
			outputPaths = (
				"${TARGET_BUILD_DIR}/${FRAMEWORKS_FOLDER_PATH}/Alamofire.framework",
			);
			runOnlyForDeploymentPostprocessing = 0;
			shellPath = /bin/sh;
			shellScript = "\"${SRCROOT}/Pods/Target Support Files/Pods-FrameworkTest/Pods-FrameworkTest-frameworks.sh\"\n";
			showEnvVarsInLog = 0;
		};
		7895FD7BD78EBFA85B7BD4B5 /* [CP] Check Pods Manifest.lock */ = {
			isa = PBXShellScriptBuildPhase;
			buildActionMask = 2147483647;
			files = (
			);
			inputPaths = (
				"${PODS_PODFILE_DIR_PATH}/Podfile.lock",
				"${PODS_ROOT}/Manifest.lock",
			);
			name = "[CP] Check Pods Manifest.lock";
			outputPaths = (
				"$(DERIVED_FILE_DIR)/Pods-FrameworkTestUITests-checkManifestLockResult.txt",
			);
			runOnlyForDeploymentPostprocessing = 0;
			shellPath = /bin/sh;
			shellScript = "diff \"${PODS_PODFILE_DIR_PATH}/Podfile.lock\" \"${PODS_ROOT}/Manifest.lock\" > /dev/null\nif [ $? != 0 ] ; then\n    # print error to STDERR\n    echo \"error: The sandbox is not in sync with the Podfile.lock. Run 'pod install' or update your CocoaPods installation.\" >&2\n    exit 1\nfi\n# This output is used by Xcode 'outputs' to avoid re-running this script phase.\necho \"SUCCESS\" > \"${SCRIPT_OUTPUT_FILE_0}\"\n";
			showEnvVarsInLog = 0;
		};
		94613AD791AFBBB5EDACAE66 /* [CP] Copy Pods Resources */ = {
			isa = PBXShellScriptBuildPhase;
			buildActionMask = 2147483647;
			files = (
			);
			inputPaths = (
			);
			name = "[CP] Copy Pods Resources";
			outputPaths = (
			);
			runOnlyForDeploymentPostprocessing = 0;
			shellPath = /bin/sh;
			shellScript = "\"${SRCROOT}/Pods/Target Support Files/Pods-FrameworkTestTests/Pods-FrameworkTestTests-resources.sh\"\n";
			showEnvVarsInLog = 0;
		};
		94D96CDBD54BE28A826B08BB /* [CP] Copy Pods Resources */ = {
			isa = PBXShellScriptBuildPhase;
			buildActionMask = 2147483647;
			files = (
			);
			inputPaths = (
			);
			name = "[CP] Copy Pods Resources";
			outputPaths = (
			);
			runOnlyForDeploymentPostprocessing = 0;
			shellPath = /bin/sh;
			shellScript = "\"${SRCROOT}/Pods/Target Support Files/Pods-FrameworkTest/Pods-FrameworkTest-resources.sh\"\n";
			showEnvVarsInLog = 0;
		};
		9F98FE56479189226DE861E2 /* [CP] Copy Pods Resources */ = {
			isa = PBXShellScriptBuildPhase;
			buildActionMask = 2147483647;
			files = (
			);
			inputPaths = (
			);
			name = "[CP] Copy Pods Resources";
			outputPaths = (
			);
			runOnlyForDeploymentPostprocessing = 0;
			shellPath = /bin/sh;
			shellScript = "\"${SRCROOT}/Pods/Target Support Files/Pods-FrameworkTestUITests/Pods-FrameworkTestUITests-resources.sh\"\n";
			showEnvVarsInLog = 0;
		};
		C2001A136C6A6FA4D23C8DE6 /* [CP] Embed Pods Frameworks */ = {
			isa = PBXShellScriptBuildPhase;
			buildActionMask = 2147483647;
			files = (
			);
			inputPaths = (
				"${SRCROOT}/Pods/Target Support Files/Pods-FrameworkTestTests/Pods-FrameworkTestTests-frameworks.sh",
				"${BUILT_PRODUCTS_DIR}/Alamofire/Alamofire.framework",
				"${BUILT_PRODUCTS_DIR}/SnapKit/SnapKit.framework",
			);
			name = "[CP] Embed Pods Frameworks";
			outputPaths = (
				"${TARGET_BUILD_DIR}/${FRAMEWORKS_FOLDER_PATH}/Alamofire.framework",
				"${TARGET_BUILD_DIR}/${FRAMEWORKS_FOLDER_PATH}/SnapKit.framework",
			);
			runOnlyForDeploymentPostprocessing = 0;
			shellPath = /bin/sh;
			shellScript = "\"${SRCROOT}/Pods/Target Support Files/Pods-FrameworkTestTests/Pods-FrameworkTestTests-frameworks.sh\"\n";
			showEnvVarsInLog = 0;
		};
		C785D98CC87A5157A8D571B8 /* [CP] Embed Pods Frameworks */ = {
			isa = PBXShellScriptBuildPhase;
			buildActionMask = 2147483647;
			files = (
			);
			inputPaths = (
			);
			name = "[CP] Embed Pods Frameworks";
			outputPaths = (
			);
			runOnlyForDeploymentPostprocessing = 0;
			shellPath = /bin/sh;
			shellScript = "\"${SRCROOT}/Pods/Target Support Files/Pods-FrameworkTestUITests/Pods-FrameworkTestUITests-frameworks.sh\"\n";
			showEnvVarsInLog = 0;
		};
		F2AF67DEC36A2E8738390E4C /* [CP] Check Pods Manifest.lock */ = {
			isa = PBXShellScriptBuildPhase;
			buildActionMask = 2147483647;
			files = (
			);
			inputPaths = (
				"${PODS_PODFILE_DIR_PATH}/Podfile.lock",
				"${PODS_ROOT}/Manifest.lock",
			);
			name = "[CP] Check Pods Manifest.lock";
			outputPaths = (
				"$(DERIVED_FILE_DIR)/Pods-FrameworkTestTests-checkManifestLockResult.txt",
			);
			runOnlyForDeploymentPostprocessing = 0;
			shellPath = /bin/sh;
			shellScript = "diff \"${PODS_PODFILE_DIR_PATH}/Podfile.lock\" \"${PODS_ROOT}/Manifest.lock\" > /dev/null\nif [ $? != 0 ] ; then\n    # print error to STDERR\n    echo \"error: The sandbox is not in sync with the Podfile.lock. Run 'pod install' or update your CocoaPods installation.\" >&2\n    exit 1\nfi\n# This output is used by Xcode 'outputs' to avoid re-running this script phase.\necho \"SUCCESS\" > \"${SCRIPT_OUTPUT_FILE_0}\"\n";
			showEnvVarsInLog = 0;
		};
		F47C2BC71DDDE2EB64B170CD /* [CP] Check Pods Manifest.lock */ = {
			isa = PBXShellScriptBuildPhase;
			buildActionMask = 2147483647;
			files = (
			);
			inputPaths = (
				"${PODS_PODFILE_DIR_PATH}/Podfile.lock",
				"${PODS_ROOT}/Manifest.lock",
			);
			name = "[CP] Check Pods Manifest.lock";
			outputPaths = (
				"$(DERIVED_FILE_DIR)/Pods-FrameworkTest-checkManifestLockResult.txt",
			);
			runOnlyForDeploymentPostprocessing = 0;
			shellPath = /bin/sh;
			shellScript = "diff \"${PODS_PODFILE_DIR_PATH}/Podfile.lock\" \"${PODS_ROOT}/Manifest.lock\" > /dev/null\nif [ $? != 0 ] ; then\n    # print error to STDERR\n    echo \"error: The sandbox is not in sync with the Podfile.lock. Run 'pod install' or update your CocoaPods installation.\" >&2\n    exit 1\nfi\n# This output is used by Xcode 'outputs' to avoid re-running this script phase.\necho \"SUCCESS\" > \"${SCRIPT_OUTPUT_FILE_0}\"\n";
			showEnvVarsInLog = 0;
		};
/* End PBXShellScriptBuildPhase section */

/* Begin PBXSourcesBuildPhase section */
		7ADD111A1F3C3C1B0042BF79 /* Sources */ = {
			isa = PBXSourcesBuildPhase;
			buildActionMask = 2147483647;
			files = (
				7ADD11241F3C3C1B0042BF79 /* ViewController.swift in Sources */,
				7ADD11221F3C3C1B0042BF79 /* AppDelegate.swift in Sources */,
			);
			runOnlyForDeploymentPostprocessing = 0;
		};
		7ADD112E1F3C3C1B0042BF79 /* Sources */ = {
			isa = PBXSourcesBuildPhase;
			buildActionMask = 2147483647;
			files = (
				7ADD11371F3C3C1B0042BF79 /* FrameworkTestTests.swift in Sources */,
			);
			runOnlyForDeploymentPostprocessing = 0;
		};
		7ADD11391F3C3C1B0042BF79 /* Sources */ = {
			isa = PBXSourcesBuildPhase;
			buildActionMask = 2147483647;
			files = (
				7ADD11421F3C3C1B0042BF79 /* FrameworkTestUITests.swift in Sources */,
			);
			runOnlyForDeploymentPostprocessing = 0;
		};
/* End PBXSourcesBuildPhase section */

/* Begin PBXTargetDependency section */
		7ADD11341F3C3C1B0042BF79 /* PBXTargetDependency */ = {
			isa = PBXTargetDependency;
			target = 7ADD111D1F3C3C1B0042BF79 /* FrameworkTest */;
			targetProxy = 7ADD11331F3C3C1B0042BF79 /* PBXContainerItemProxy */;
		};
		7ADD113F1F3C3C1B0042BF79 /* PBXTargetDependency */ = {
			isa = PBXTargetDependency;
			target = 7ADD111D1F3C3C1B0042BF79 /* FrameworkTest */;
			targetProxy = 7ADD113E1F3C3C1B0042BF79 /* PBXContainerItemProxy */;
		};
/* End PBXTargetDependency section */

/* Begin PBXVariantGroup section */
		7ADD11251F3C3C1B0042BF79 /* Main.storyboard */ = {
			isa = PBXVariantGroup;
			children = (
				7ADD11261F3C3C1B0042BF79 /* Base */,
			);
			name = Main.storyboard;
			sourceTree = "<group>";
		};
		7ADD112A1F3C3C1B0042BF79 /* LaunchScreen.storyboard */ = {
			isa = PBXVariantGroup;
			children = (
				7ADD112B1F3C3C1B0042BF79 /* Base */,
			);
			name = LaunchScreen.storyboard;
			sourceTree = "<group>";
		};
/* End PBXVariantGroup section */

/* Begin XCBuildConfiguration section */
		7ADD11441F3C3C1B0042BF79 /* Debug */ = {
			isa = XCBuildConfiguration;
			buildSettings = {
				ALWAYS_SEARCH_USER_PATHS = NO;
				CLANG_ANALYZER_NONNULL = YES;
				CLANG_ANALYZER_NUMBER_OBJECT_CONVERSION = YES_AGGRESSIVE;
				CLANG_CXX_LANGUAGE_STANDARD = "gnu++0x";
				CLANG_CXX_LIBRARY = "libc++";
				CLANG_ENABLE_MODULES = YES;
				CLANG_ENABLE_OBJC_ARC = YES;
				CLANG_WARN_BOOL_CONVERSION = YES;
				CLANG_WARN_CONSTANT_CONVERSION = YES;
				CLANG_WARN_DIRECT_OBJC_ISA_USAGE = YES_ERROR;
				CLANG_WARN_DOCUMENTATION_COMMENTS = YES;
				CLANG_WARN_EMPTY_BODY = YES;
				CLANG_WARN_ENUM_CONVERSION = YES;
				CLANG_WARN_INFINITE_RECURSION = YES;
				CLANG_WARN_INT_CONVERSION = YES;
				CLANG_WARN_OBJC_ROOT_CLASS = YES_ERROR;
				CLANG_WARN_SUSPICIOUS_MOVE = YES;
				CLANG_WARN_UNREACHABLE_CODE = YES;
				CLANG_WARN__DUPLICATE_METHOD_MATCH = YES;
				"CODE_SIGN_IDENTITY[sdk=iphoneos*]" = "iPhone Developer";
				COPY_PHASE_STRIP = NO;
				DEBUG_INFORMATION_FORMAT = dwarf;
				ENABLE_STRICT_OBJC_MSGSEND = YES;
				ENABLE_TESTABILITY = YES;
				GCC_C_LANGUAGE_STANDARD = gnu99;
				GCC_DYNAMIC_NO_PIC = NO;
				GCC_NO_COMMON_BLOCKS = YES;
				GCC_OPTIMIZATION_LEVEL = 0;
				GCC_PREPROCESSOR_DEFINITIONS = (
					"DEBUG=1",
					"$(inherited)",
				);
				GCC_WARN_64_TO_32_BIT_CONVERSION = YES;
				GCC_WARN_ABOUT_RETURN_TYPE = YES_ERROR;
				GCC_WARN_UNDECLARED_SELECTOR = YES;
				GCC_WARN_UNINITIALIZED_AUTOS = YES_AGGRESSIVE;
				GCC_WARN_UNUSED_FUNCTION = YES;
				GCC_WARN_UNUSED_VARIABLE = YES;
				IPHONEOS_DEPLOYMENT_TARGET = 10.3;
				MTL_ENABLE_DEBUG_INFO = YES;
				ONLY_ACTIVE_ARCH = YES;
				SDKROOT = iphoneos;
				SWIFT_ACTIVE_COMPILATION_CONDITIONS = DEBUG;
				SWIFT_OPTIMIZATION_LEVEL = "-Onone";
			};
			name = Debug;
		};
		7ADD11451F3C3C1B0042BF79 /* Release */ = {
			isa = XCBuildConfiguration;
			buildSettings = {
				ALWAYS_SEARCH_USER_PATHS = NO;
				CLANG_ANALYZER_NONNULL = YES;
				CLANG_ANALYZER_NUMBER_OBJECT_CONVERSION = YES_AGGRESSIVE;
				CLANG_CXX_LANGUAGE_STANDARD = "gnu++0x";
				CLANG_CXX_LIBRARY = "libc++";
				CLANG_ENABLE_MODULES = YES;
				CLANG_ENABLE_OBJC_ARC = YES;
				CLANG_WARN_BOOL_CONVERSION = YES;
				CLANG_WARN_CONSTANT_CONVERSION = YES;
				CLANG_WARN_DIRECT_OBJC_ISA_USAGE = YES_ERROR;
				CLANG_WARN_DOCUMENTATION_COMMENTS = YES;
				CLANG_WARN_EMPTY_BODY = YES;
				CLANG_WARN_ENUM_CONVERSION = YES;
				CLANG_WARN_INFINITE_RECURSION = YES;
				CLANG_WARN_INT_CONVERSION = YES;
				CLANG_WARN_OBJC_ROOT_CLASS = YES_ERROR;
				CLANG_WARN_SUSPICIOUS_MOVE = YES;
				CLANG_WARN_UNREACHABLE_CODE = YES;
				CLANG_WARN__DUPLICATE_METHOD_MATCH = YES;
				"CODE_SIGN_IDENTITY[sdk=iphoneos*]" = "iPhone Developer";
				COPY_PHASE_STRIP = NO;
				DEBUG_INFORMATION_FORMAT = "dwarf-with-dsym";
				ENABLE_NS_ASSERTIONS = NO;
				ENABLE_STRICT_OBJC_MSGSEND = YES;
				GCC_C_LANGUAGE_STANDARD = gnu99;
				GCC_NO_COMMON_BLOCKS = YES;
				GCC_WARN_64_TO_32_BIT_CONVERSION = YES;
				GCC_WARN_ABOUT_RETURN_TYPE = YES_ERROR;
				GCC_WARN_UNDECLARED_SELECTOR = YES;
				GCC_WARN_UNINITIALIZED_AUTOS = YES_AGGRESSIVE;
				GCC_WARN_UNUSED_FUNCTION = YES;
				GCC_WARN_UNUSED_VARIABLE = YES;
				IPHONEOS_DEPLOYMENT_TARGET = 10.3;
				MTL_ENABLE_DEBUG_INFO = NO;
				SDKROOT = iphoneos;
				SWIFT_OPTIMIZATION_LEVEL = "-Owholemodule";
				VALIDATE_PRODUCT = YES;
			};
			name = Release;
		};
		7ADD11471F3C3C1B0042BF79 /* Debug */ = {
			isa = XCBuildConfiguration;
			baseConfigurationReference = 2C254BD5FCEA16F80FAF0DDF /* Pods-FrameworkTest.debug.xcconfig */;
			buildSettings = {
				ASSETCATALOG_COMPILER_APPICON_NAME = AppIcon;
				DEVELOPMENT_TEAM = 5NKJT58L7D;
				INFOPLIST_FILE = FrameworkTest/Info.plist;
				LD_RUNPATH_SEARCH_PATHS = "$(inherited) @executable_path/Frameworks";
				PRODUCT_BUNDLE_IDENTIFIER = com.yuanjiee.FrameworkTest;
				PRODUCT_NAME = "$(TARGET_NAME)";
				SWIFT_VERSION = 3.0;
			};
			name = Debug;
		};
		7ADD11481F3C3C1B0042BF79 /* Release */ = {
			isa = XCBuildConfiguration;
			baseConfigurationReference = D6210EEE01050B68CCB39293 /* Pods-FrameworkTest.release.xcconfig */;
			buildSettings = {
				ASSETCATALOG_COMPILER_APPICON_NAME = AppIcon;
				DEVELOPMENT_TEAM = 5NKJT58L7D;
				INFOPLIST_FILE = FrameworkTest/Info.plist;
				LD_RUNPATH_SEARCH_PATHS = "$(inherited) @executable_path/Frameworks";
				PRODUCT_BUNDLE_IDENTIFIER = com.yuanjiee.FrameworkTest;
				PRODUCT_NAME = "$(TARGET_NAME)";
				SWIFT_VERSION = 3.0;
			};
			name = Release;
		};
		7ADD114A1F3C3C1B0042BF79 /* Debug */ = {
			isa = XCBuildConfiguration;
			baseConfigurationReference = 12E614312E117A0D438658CC /* Pods-FrameworkTestTests.debug.xcconfig */;
			buildSettings = {
				ALWAYS_EMBED_SWIFT_STANDARD_LIBRARIES = YES;
				BUNDLE_LOADER = "$(TEST_HOST)";
				DEVELOPMENT_TEAM = 5NKJT58L7D;
				INFOPLIST_FILE = FrameworkTestTests/Info.plist;
				LD_RUNPATH_SEARCH_PATHS = "$(inherited) @executable_path/Frameworks @loader_path/Frameworks";
				PRODUCT_BUNDLE_IDENTIFIER = com.yuanjiee.FrameworkTestTests;
				PRODUCT_NAME = "$(TARGET_NAME)";
				SWIFT_VERSION = 3.0;
				TEST_HOST = "$(BUILT_PRODUCTS_DIR)/FrameworkTest.app/FrameworkTest";
			};
			name = Debug;
		};
		7ADD114B1F3C3C1B0042BF79 /* Release */ = {
			isa = XCBuildConfiguration;
			baseConfigurationReference = 818EDDB64AAB8166D7496403 /* Pods-FrameworkTestTests.release.xcconfig */;
			buildSettings = {
				ALWAYS_EMBED_SWIFT_STANDARD_LIBRARIES = YES;
				BUNDLE_LOADER = "$(TEST_HOST)";
				DEVELOPMENT_TEAM = 5NKJT58L7D;
				INFOPLIST_FILE = FrameworkTestTests/Info.plist;
				LD_RUNPATH_SEARCH_PATHS = "$(inherited) @executable_path/Frameworks @loader_path/Frameworks";
				PRODUCT_BUNDLE_IDENTIFIER = com.yuanjiee.FrameworkTestTests;
				PRODUCT_NAME = "$(TARGET_NAME)";
				SWIFT_VERSION = 3.0;
				TEST_HOST = "$(BUILT_PRODUCTS_DIR)/FrameworkTest.app/FrameworkTest";
			};
			name = Release;
		};
		7ADD114D1F3C3C1B0042BF79 /* Debug */ = {
			isa = XCBuildConfiguration;
			baseConfigurationReference = FDDCF3A4606433FBBFFCA8F5 /* Pods-FrameworkTestUITests.debug.xcconfig */;
			buildSettings = {
				ALWAYS_EMBED_SWIFT_STANDARD_LIBRARIES = YES;
				DEVELOPMENT_TEAM = 5NKJT58L7D;
				INFOPLIST_FILE = FrameworkTestUITests/Info.plist;
				LD_RUNPATH_SEARCH_PATHS = "$(inherited) @executable_path/Frameworks @loader_path/Frameworks";
				PRODUCT_BUNDLE_IDENTIFIER = com.yuanjiee.FrameworkTestUITests;
				PRODUCT_NAME = "$(TARGET_NAME)";
				SWIFT_VERSION = 3.0;
				TEST_TARGET_NAME = FrameworkTest;
			};
			name = Debug;
		};
		7ADD114E1F3C3C1B0042BF79 /* Release */ = {
			isa = XCBuildConfiguration;
			baseConfigurationReference = 4EBAA007A99643AD5C21C139 /* Pods-FrameworkTestUITests.release.xcconfig */;
			buildSettings = {
				ALWAYS_EMBED_SWIFT_STANDARD_LIBRARIES = YES;
				DEVELOPMENT_TEAM = 5NKJT58L7D;
				INFOPLIST_FILE = FrameworkTestUITests/Info.plist;
				LD_RUNPATH_SEARCH_PATHS = "$(inherited) @executable_path/Frameworks @loader_path/Frameworks";
				PRODUCT_BUNDLE_IDENTIFIER = com.yuanjiee.FrameworkTestUITests;
				PRODUCT_NAME = "$(TARGET_NAME)";
				SWIFT_VERSION = 3.0;
				TEST_TARGET_NAME = FrameworkTest;
			};
			name = Release;
		};
/* End XCBuildConfiguration section */

/* Begin XCConfigurationList section */
		7ADD11191F3C3C1B0042BF79 /* Build configuration list for PBXProject "FrameworkTest" */ = {
			isa = XCConfigurationList;
			buildConfigurations = (
				7ADD11441F3C3C1B0042BF79 /* Debug */,
				7ADD11451F3C3C1B0042BF79 /* Release */,
			);
			defaultConfigurationIsVisible = 0;
			defaultConfigurationName = Release;
		};
		7ADD11461F3C3C1B0042BF79 /* Build configuration list for PBXNativeTarget "FrameworkTest" */ = {
			isa = XCConfigurationList;
			buildConfigurations = (
				7ADD11471F3C3C1B0042BF79 /* Debug */,
				7ADD11481F3C3C1B0042BF79 /* Release */,
			);
			defaultConfigurationIsVisible = 0;
			defaultConfigurationName = Release;
		};
		7ADD11491F3C3C1B0042BF79 /* Build configuration list for PBXNativeTarget "FrameworkTestTests" */ = {
			isa = XCConfigurationList;
			buildConfigurations = (
				7ADD114A1F3C3C1B0042BF79 /* Debug */,
				7ADD114B1F3C3C1B0042BF79 /* Release */,
			);
			defaultConfigurationIsVisible = 0;
			defaultConfigurationName = Release;
		};
		7ADD114C1F3C3C1B0042BF79 /* Build configuration list for PBXNativeTarget "FrameworkTestUITests" */ = {
			isa = XCConfigurationList;
			buildConfigurations = (
				7ADD114D1F3C3C1B0042BF79 /* Debug */,
				7ADD114E1F3C3C1B0042BF79 /* Release */,
			);
			defaultConfigurationIsVisible = 0;
			defaultConfigurationName = Release;
		};
/* End XCConfigurationList section */
	};
	rootObject = 7ADD11161F3C3C1B0042BF79 /* Project object */;
}
